// !$*UTF8*$!
{
	archiveVersion = 1;
	classes = {
	};
	objectVersion = 56;
	objects = {

/* Begin PBXBuildFile section */
		0459023529E4EE9A00D4AB77 /* _706012110008_HansJoachimW_AFL3App.swift in Sources */ = {isa = PBXBuildFile; fileRef = 0459023429E4EE9A00D4AB77 /* _706012110008_HansJoachimW_AFL3App.swift */; };
		0459023729E4EE9A00D4AB77 /* ContentView.swift in Sources */ = {isa = PBXBuildFile; fileRef = 0459023629E4EE9A00D4AB77 /* ContentView.swift */; };
		0459023929E4EE9B00D4AB77 /* Assets.xcassets in Resources */ = {isa = PBXBuildFile; fileRef = 0459023829E4EE9B00D4AB77 /* Assets.xcassets */; };
		0459023C29E4EE9B00D4AB77 /* Preview Assets.xcassets in Resources */ = {isa = PBXBuildFile; fileRef = 0459023B29E4EE9B00D4AB77 /* Preview Assets.xcassets */; };
		0459024629E4EE9B00D4AB77 /* _706012110008_HansJoachimW_AFL3Tests.swift in Sources */ = {isa = PBXBuildFile; fileRef = 0459024529E4EE9B00D4AB77 /* _706012110008_HansJoachimW_AFL3Tests.swift */; };
		0459025029E4EE9C00D4AB77 /* _706012110008_HansJoachimW_AFL3UITests.swift in Sources */ = {isa = PBXBuildFile; fileRef = 0459024F29E4EE9C00D4AB77 /* _706012110008_HansJoachimW_AFL3UITests.swift */; };
		0459025229E4EE9C00D4AB77 /* _706012110008_HansJoachimW_AFL3UITestsLaunchTests.swift in Sources */ = {isa = PBXBuildFile; fileRef = 0459025129E4EE9C00D4AB77 /* _706012110008_HansJoachimW_AFL3UITestsLaunchTests.swift */; };
		0459025F29E4F61800D4AB77 /* CircleImage.swift in Sources */ = {isa = PBXBuildFile; fileRef = 0459025E29E4F61800D4AB77 /* CircleImage.swift */; };
		0459026129E4F6D000D4AB77 /* MapView.swift in Sources */ = {isa = PBXBuildFile; fileRef = 0459026029E4F6D000D4AB77 /* MapView.swift */; };
		0459026329E8E4D700D4AB77 /* landmarkData.json in Resources */ = {isa = PBXBuildFile; fileRef = 0459026229E8E4D700D4AB77 /* landmarkData.json */; };
		0459026529E8E52100D4AB77 /* Landmark.swift in Sources */ = {isa = PBXBuildFile; fileRef = 0459026429E8E52100D4AB77 /* Landmark.swift */; };
		0459026729E8E5F300D4AB77 /* ModelData.swift in Sources */ = {isa = PBXBuildFile; fileRef = 0459026629E8E5F300D4AB77 /* ModelData.swift */; };
		0459026C29E8E72E00D4AB77 /* LandmarkRow.swift in Sources */ = {isa = PBXBuildFile; fileRef = 0459026B29E8E72E00D4AB77 /* LandmarkRow.swift */; };
		0459026E29E8EA5F00D4AB77 /* LandmarkList.swift in Sources */ = {isa = PBXBuildFile; fileRef = 0459026D29E8EA5F00D4AB77 /* LandmarkList.swift */; };
		0459027029E8EB0700D4AB77 /* LandmarkDetail.swift in Sources */ = {isa = PBXBuildFile; fileRef = 0459026F29E8EB0700D4AB77 /* LandmarkDetail.swift */; };
		0459027229E8F3A800D4AB77 /* FavoriteButton.swift in Sources */ = {isa = PBXBuildFile; fileRef = 0459027129E8F3A800D4AB77 /* FavoriteButton.swift */; };
		0459027629E8F53500D4AB77 /* HexagonParameters.swift in Sources */ = {isa = PBXBuildFile; fileRef = 0459027529E8F53500D4AB77 /* HexagonParameters.swift */; };
		0459027829E8F5F800D4AB77 /* BadgeBackground.swift in Sources */ = {isa = PBXBuildFile; fileRef = 0459027729E8F5F800D4AB77 /* BadgeBackground.swift */; };
		0459027A29E8F7D500D4AB77 /* BadgeSymbol.swift in Sources */ = {isa = PBXBuildFile; fileRef = 0459027929E8F7D500D4AB77 /* BadgeSymbol.swift */; };
		0459027E29E8F88100D4AB77 /* RotatedBadgeSymbol.swift in Sources */ = {isa = PBXBuildFile; fileRef = 0459027D29E8F88100D4AB77 /* RotatedBadgeSymbol.swift */; };
		0459028029E8F8BE00D4AB77 /* Badge.swift in Sources */ = {isa = PBXBuildFile; fileRef = 0459027F29E8F8BE00D4AB77 /* Badge.swift */; };
		0459028329E8F9DF00D4AB77 /* hikeData.json in Resources */ = {isa = PBXBuildFile; fileRef = 0459028229E8F9DF00D4AB77 /* hikeData.json */; };
		0459028529E8F9F900D4AB77 /* Hike.swift in Sources */ = {isa = PBXBuildFile; fileRef = 0459028429E8F9F900D4AB77 /* Hike.swift */; };
		0459028B29E8FA4400D4AB77 /* GraphCapsule.swift in Sources */ = {isa = PBXBuildFile; fileRef = 0459028729E8FA4400D4AB77 /* GraphCapsule.swift */; };
		0459028C29E8FA4400D4AB77 /* HikeGraph.swift in Sources */ = {isa = PBXBuildFile; fileRef = 0459028829E8FA4400D4AB77 /* HikeGraph.swift */; };
		0459028D29E8FA4400D4AB77 /* HikeDetail.swift in Sources */ = {isa = PBXBuildFile; fileRef = 0459028929E8FA4400D4AB77 /* HikeDetail.swift */; };
		0459028E29E8FA4400D4AB77 /* HikeView.swift in Sources */ = {isa = PBXBuildFile; fileRef = 0459028A29E8FA4400D4AB77 /* HikeView.swift */; };
		0459029129ED16C700D4AB77 /* CategoryHome.swift in Sources */ = {isa = PBXBuildFile; fileRef = 0459029029ED16C700D4AB77 /* CategoryHome.swift */; };
		0459029529ED236000D4AB77 /* CategoryRow.swift in Sources */ = {isa = PBXBuildFile; fileRef = 0459029429ED236000D4AB77 /* CategoryRow.swift */; };
		0459029729ED258000D4AB77 /* CategoryItem.swift in Sources */ = {isa = PBXBuildFile; fileRef = 0459029629ED258000D4AB77 /* CategoryItem.swift */; };
		0459029929ED317F00D4AB77 /* Profile.swift in Sources */ = {isa = PBXBuildFile; fileRef = 0459029829ED317F00D4AB77 /* Profile.swift */; };
		0459029C29ED31D000D4AB77 /* ProfileHost.swift in Sources */ = {isa = PBXBuildFile; fileRef = 0459029B29ED31D000D4AB77 /* ProfileHost.swift */; };
		0459029E29ED320A00D4AB77 /* ProfileSummary.swift in Sources */ = {isa = PBXBuildFile; fileRef = 0459029D29ED320A00D4AB77 /* ProfileSummary.swift */; };
		045902A029ED327800D4AB77 /* HikeBadge.swift in Sources */ = {isa = PBXBuildFile; fileRef = 0459029F29ED327800D4AB77 /* HikeBadge.swift */; };
		045902A229EE23A700D4AB77 /* ProfileEditor.swift in Sources */ = {isa = PBXBuildFile; fileRef = 045902A129EE23A700D4AB77 /* ProfileEditor.swift */; };
		045902A529EE312300D4AB77 /* PageViewController.swift in Sources */ = {isa = PBXBuildFile; fileRef = 045902A429EE312300D4AB77 /* PageViewController.swift */; };
		045902A729EE31F700D4AB77 /* FeatureCard.swift in Sources */ = {isa = PBXBuildFile; fileRef = 045902A629EE31F700D4AB77 /* FeatureCard.swift */; };
		045902A929EE327200D4AB77 /* PageView.swift in Sources */ = {isa = PBXBuildFile; fileRef = 045902A829EE327200D4AB77 /* PageView.swift */; };
		045902AB29EE361D00D4AB77 /* PageControl.swift in Sources */ = {isa = PBXBuildFile; fileRef = 045902AA29EE361D00D4AB77 /* PageControl.swift */; };
/* End PBXBuildFile section */

/* Begin PBXContainerItemProxy section */
		0459024229E4EE9B00D4AB77 /* PBXContainerItemProxy */ = {
			isa = PBXContainerItemProxy;
			containerPortal = 0459022929E4EE9A00D4AB77 /* Project object */;
			proxyType = 1;
			remoteGlobalIDString = 0459023029E4EE9A00D4AB77;
			remoteInfo = "0706012110008-HansJoachimW-AFL3";
		};
		0459024C29E4EE9C00D4AB77 /* PBXContainerItemProxy */ = {
			isa = PBXContainerItemProxy;
			containerPortal = 0459022929E4EE9A00D4AB77 /* Project object */;
			proxyType = 1;
			remoteGlobalIDString = 0459023029E4EE9A00D4AB77;
			remoteInfo = "0706012110008-HansJoachimW-AFL3";
		};
/* End PBXContainerItemProxy section */

/* Begin PBXFileReference section */
		0459023129E4EE9A00D4AB77 /* 0706012110008-HansJoachimW-AFL3.app */ = {isa = PBXFileReference; explicitFileType = wrapper.application; includeInIndex = 0; path = "0706012110008-HansJoachimW-AFL3.app"; sourceTree = BUILT_PRODUCTS_DIR; };
		0459023429E4EE9A00D4AB77 /* _706012110008_HansJoachimW_AFL3App.swift */ = {isa = PBXFileReference; lastKnownFileType = sourcecode.swift; path = _706012110008_HansJoachimW_AFL3App.swift; sourceTree = "<group>"; };
		0459023629E4EE9A00D4AB77 /* ContentView.swift */ = {isa = PBXFileReference; lastKnownFileType = sourcecode.swift; path = ContentView.swift; sourceTree = "<group>"; };
		0459023829E4EE9B00D4AB77 /* Assets.xcassets */ = {isa = PBXFileReference; lastKnownFileType = folder.assetcatalog; path = Assets.xcassets; sourceTree = "<group>"; };
		0459023B29E4EE9B00D4AB77 /* Preview Assets.xcassets */ = {isa = PBXFileReference; lastKnownFileType = folder.assetcatalog; path = "Preview Assets.xcassets"; sourceTree = "<group>"; };
		0459024129E4EE9B00D4AB77 /* 0706012110008-HansJoachimW-AFL3Tests.xctest */ = {isa = PBXFileReference; explicitFileType = wrapper.cfbundle; includeInIndex = 0; path = "0706012110008-HansJoachimW-AFL3Tests.xctest"; sourceTree = BUILT_PRODUCTS_DIR; };
		0459024529E4EE9B00D4AB77 /* _706012110008_HansJoachimW_AFL3Tests.swift */ = {isa = PBXFileReference; lastKnownFileType = sourcecode.swift; path = _706012110008_HansJoachimW_AFL3Tests.swift; sourceTree = "<group>"; };
		0459024B29E4EE9C00D4AB77 /* 0706012110008-HansJoachimW-AFL3UITests.xctest */ = {isa = PBXFileReference; explicitFileType = wrapper.cfbundle; includeInIndex = 0; path = "0706012110008-HansJoachimW-AFL3UITests.xctest"; sourceTree = BUILT_PRODUCTS_DIR; };
		0459024F29E4EE9C00D4AB77 /* _706012110008_HansJoachimW_AFL3UITests.swift */ = {isa = PBXFileReference; lastKnownFileType = sourcecode.swift; path = _706012110008_HansJoachimW_AFL3UITests.swift; sourceTree = "<group>"; };
		0459025129E4EE9C00D4AB77 /* _706012110008_HansJoachimW_AFL3UITestsLaunchTests.swift */ = {isa = PBXFileReference; lastKnownFileType = sourcecode.swift; path = _706012110008_HansJoachimW_AFL3UITestsLaunchTests.swift; sourceTree = "<group>"; };
		0459025E29E4F61800D4AB77 /* CircleImage.swift */ = {isa = PBXFileReference; lastKnownFileType = sourcecode.swift; path = CircleImage.swift; sourceTree = "<group>"; };
		0459026029E4F6D000D4AB77 /* MapView.swift */ = {isa = PBXFileReference; lastKnownFileType = sourcecode.swift; path = MapView.swift; sourceTree = "<group>"; };
		0459026229E8E4D700D4AB77 /* landmarkData.json */ = {isa = PBXFileReference; fileEncoding = 4; lastKnownFileType = text.json; path = landmarkData.json; sourceTree = "<group>"; };
		0459026429E8E52100D4AB77 /* Landmark.swift */ = {isa = PBXFileReference; lastKnownFileType = sourcecode.swift; path = Landmark.swift; sourceTree = "<group>"; };
		0459026629E8E5F300D4AB77 /* ModelData.swift */ = {isa = PBXFileReference; lastKnownFileType = sourcecode.swift; path = ModelData.swift; sourceTree = "<group>"; };
		0459026B29E8E72E00D4AB77 /* LandmarkRow.swift */ = {isa = PBXFileReference; lastKnownFileType = sourcecode.swift; path = LandmarkRow.swift; sourceTree = "<group>"; };
		0459026D29E8EA5F00D4AB77 /* LandmarkList.swift */ = {isa = PBXFileReference; lastKnownFileType = sourcecode.swift; path = LandmarkList.swift; sourceTree = "<group>"; };
		0459026F29E8EB0700D4AB77 /* LandmarkDetail.swift */ = {isa = PBXFileReference; lastKnownFileType = sourcecode.swift; path = LandmarkDetail.swift; sourceTree = "<group>"; };
		0459027129E8F3A800D4AB77 /* FavoriteButton.swift */ = {isa = PBXFileReference; lastKnownFileType = sourcecode.swift; path = FavoriteButton.swift; sourceTree = "<group>"; };
		0459027529E8F53500D4AB77 /* HexagonParameters.swift */ = {isa = PBXFileReference; lastKnownFileType = sourcecode.swift; path = HexagonParameters.swift; sourceTree = "<group>"; };
		0459027729E8F5F800D4AB77 /* BadgeBackground.swift */ = {isa = PBXFileReference; lastKnownFileType = sourcecode.swift; path = BadgeBackground.swift; sourceTree = "<group>"; };
		0459027929E8F7D500D4AB77 /* BadgeSymbol.swift */ = {isa = PBXFileReference; lastKnownFileType = sourcecode.swift; path = BadgeSymbol.swift; sourceTree = "<group>"; };
		0459027D29E8F88100D4AB77 /* RotatedBadgeSymbol.swift */ = {isa = PBXFileReference; lastKnownFileType = sourcecode.swift; path = RotatedBadgeSymbol.swift; sourceTree = "<group>"; };
		0459027F29E8F8BE00D4AB77 /* Badge.swift */ = {isa = PBXFileReference; lastKnownFileType = sourcecode.swift; path = Badge.swift; sourceTree = "<group>"; };
		0459028229E8F9DF00D4AB77 /* hikeData.json */ = {isa = PBXFileReference; fileEncoding = 4; lastKnownFileType = text.json; path = hikeData.json; sourceTree = "<group>"; };
		0459028429E8F9F900D4AB77 /* Hike.swift */ = {isa = PBXFileReference; lastKnownFileType = sourcecode.swift; path = Hike.swift; sourceTree = "<group>"; };
		0459028729E8FA4400D4AB77 /* GraphCapsule.swift */ = {isa = PBXFileReference; fileEncoding = 4; lastKnownFileType = sourcecode.swift; path = GraphCapsule.swift; sourceTree = "<group>"; };
		0459028829E8FA4400D4AB77 /* HikeGraph.swift */ = {isa = PBXFileReference; fileEncoding = 4; lastKnownFileType = sourcecode.swift; path = HikeGraph.swift; sourceTree = "<group>"; };
		0459028929E8FA4400D4AB77 /* HikeDetail.swift */ = {isa = PBXFileReference; fileEncoding = 4; lastKnownFileType = sourcecode.swift; path = HikeDetail.swift; sourceTree = "<group>"; };
		0459028A29E8FA4400D4AB77 /* HikeView.swift */ = {isa = PBXFileReference; fileEncoding = 4; lastKnownFileType = sourcecode.swift; path = HikeView.swift; sourceTree = "<group>"; };
		0459029029ED16C700D4AB77 /* CategoryHome.swift */ = {isa = PBXFileReference; lastKnownFileType = sourcecode.swift; path = CategoryHome.swift; sourceTree = "<group>"; };
		0459029429ED236000D4AB77 /* CategoryRow.swift */ = {isa = PBXFileReference; lastKnownFileType = sourcecode.swift; path = CategoryRow.swift; sourceTree = "<group>"; };
		0459029629ED258000D4AB77 /* CategoryItem.swift */ = {isa = PBXFileReference; lastKnownFileType = sourcecode.swift; path = CategoryItem.swift; sourceTree = "<group>"; };
		0459029829ED317F00D4AB77 /* Profile.swift */ = {isa = PBXFileReference; lastKnownFileType = sourcecode.swift; path = Profile.swift; sourceTree = "<group>"; };
		0459029B29ED31D000D4AB77 /* ProfileHost.swift */ = {isa = PBXFileReference; lastKnownFileType = sourcecode.swift; path = ProfileHost.swift; sourceTree = "<group>"; };
		0459029D29ED320A00D4AB77 /* ProfileSummary.swift */ = {isa = PBXFileReference; lastKnownFileType = sourcecode.swift; path = ProfileSummary.swift; sourceTree = "<group>"; };
		0459029F29ED327800D4AB77 /* HikeBadge.swift */ = {isa = PBXFileReference; lastKnownFileType = sourcecode.swift; path = HikeBadge.swift; sourceTree = "<group>"; };
		045902A129EE23A700D4AB77 /* ProfileEditor.swift */ = {isa = PBXFileReference; lastKnownFileType = sourcecode.swift; path = ProfileEditor.swift; sourceTree = "<group>"; };
		045902A429EE312300D4AB77 /* PageViewController.swift */ = {isa = PBXFileReference; lastKnownFileType = sourcecode.swift; path = PageViewController.swift; sourceTree = "<group>"; };
		045902A629EE31F700D4AB77 /* FeatureCard.swift */ = {isa = PBXFileReference; lastKnownFileType = sourcecode.swift; path = FeatureCard.swift; sourceTree = "<group>"; };
		045902A829EE327200D4AB77 /* PageView.swift */ = {isa = PBXFileReference; lastKnownFileType = sourcecode.swift; path = PageView.swift; sourceTree = "<group>"; };
		045902AA29EE361D00D4AB77 /* PageControl.swift */ = {isa = PBXFileReference; lastKnownFileType = sourcecode.swift; path = PageControl.swift; sourceTree = "<group>"; };
/* End PBXFileReference section */

/* Begin PBXFrameworksBuildPhase section */
		0459022E29E4EE9A00D4AB77 /* Frameworks */ = {
			isa = PBXFrameworksBuildPhase;
			buildActionMask = 2147483647;
			files = (
			);
			runOnlyForDeploymentPostprocessing = 0;
		};
		0459023E29E4EE9B00D4AB77 /* Frameworks */ = {
			isa = PBXFrameworksBuildPhase;
			buildActionMask = 2147483647;
			files = (
			);
			runOnlyForDeploymentPostprocessing = 0;
		};
		0459024829E4EE9C00D4AB77 /* Frameworks */ = {
			isa = PBXFrameworksBuildPhase;
			buildActionMask = 2147483647;
			files = (
			);
			runOnlyForDeploymentPostprocessing = 0;
		};
/* End PBXFrameworksBuildPhase section */

/* Begin PBXGroup section */
		0459022829E4EE9A00D4AB77 = {
			isa = PBXGroup;
			children = (
				0459023329E4EE9A00D4AB77 /* 0706012110008-HansJoachimW-AFL3 */,
				0459024429E4EE9B00D4AB77 /* 0706012110008-HansJoachimW-AFL3Tests */,
				0459024E29E4EE9C00D4AB77 /* 0706012110008-HansJoachimW-AFL3UITests */,
				0459023229E4EE9A00D4AB77 /* Products */,
			);
			sourceTree = "<group>";
		};
		0459023229E4EE9A00D4AB77 /* Products */ = {
			isa = PBXGroup;
			children = (
				0459023129E4EE9A00D4AB77 /* 0706012110008-HansJoachimW-AFL3.app */,
				0459024129E4EE9B00D4AB77 /* 0706012110008-HansJoachimW-AFL3Tests.xctest */,
				0459024B29E4EE9C00D4AB77 /* 0706012110008-HansJoachimW-AFL3UITests.xctest */,
			);
			name = Products;
			sourceTree = "<group>";
		};
		0459023329E4EE9A00D4AB77 /* 0706012110008-HansJoachimW-AFL3 */ = {
			isa = PBXGroup;
			children = (
				0459029A29ED31BF00D4AB77 /* Profiles */,
				0459028F29ED16B300D4AB77 /* Categories */,
				0459026A29E8E66500D4AB77 /* Resources */,
				0459026929E8E65C00D4AB77 /* Model */,
				0459026829E8E64400D4AB77 /* Views */,
				0459023429E4EE9A00D4AB77 /* _706012110008_HansJoachimW_AFL3App.swift */,
				0459023829E4EE9B00D4AB77 /* Assets.xcassets */,
				0459023A29E4EE9B00D4AB77 /* Preview Content */,
			);
			path = "0706012110008-HansJoachimW-AFL3";
			sourceTree = "<group>";
		};
		0459023A29E4EE9B00D4AB77 /* Preview Content */ = {
			isa = PBXGroup;
			children = (
				0459023B29E4EE9B00D4AB77 /* Preview Assets.xcassets */,
			);
			path = "Preview Content";
			sourceTree = "<group>";
		};
		0459024429E4EE9B00D4AB77 /* 0706012110008-HansJoachimW-AFL3Tests */ = {
			isa = PBXGroup;
			children = (
				0459024529E4EE9B00D4AB77 /* _706012110008_HansJoachimW_AFL3Tests.swift */,
			);
			path = "0706012110008-HansJoachimW-AFL3Tests";
			sourceTree = "<group>";
		};
		0459024E29E4EE9C00D4AB77 /* 0706012110008-HansJoachimW-AFL3UITests */ = {
			isa = PBXGroup;
			children = (
				0459024F29E4EE9C00D4AB77 /* _706012110008_HansJoachimW_AFL3UITests.swift */,
				0459025129E4EE9C00D4AB77 /* _706012110008_HansJoachimW_AFL3UITestsLaunchTests.swift */,
			);
			path = "0706012110008-HansJoachimW-AFL3UITests";
			sourceTree = "<group>";
		};
		0459026829E8E64400D4AB77 /* Views */ = {
			isa = PBXGroup;
			children = (
				045902A329EE30F200D4AB77 /* PageView */,
				0459028629E8FA4400D4AB77 /* Hikes */,
				0459028129E8F94F00D4AB77 /* Badges */,
				0459027429E8F40C00D4AB77 /* Helpers */,
				0459027329E8F40200D4AB77 /* Landmarks */,
				0459023629E4EE9A00D4AB77 /* ContentView.swift */,
			);
			path = Views;
			sourceTree = "<group>";
		};
		0459026929E8E65C00D4AB77 /* Model */ = {
			isa = PBXGroup;
			children = (
				0459026429E8E52100D4AB77 /* Landmark.swift */,
				0459026629E8E5F300D4AB77 /* ModelData.swift */,
				0459028429E8F9F900D4AB77 /* Hike.swift */,
				0459029829ED317F00D4AB77 /* Profile.swift */,
			);
			path = Model;
			sourceTree = "<group>";
		};
		0459026A29E8E66500D4AB77 /* Resources */ = {
			isa = PBXGroup;
			children = (
				0459028229E8F9DF00D4AB77 /* hikeData.json */,
				0459026229E8E4D700D4AB77 /* landmarkData.json */,
			);
			path = Resources;
			sourceTree = "<group>";
		};
		0459027329E8F40200D4AB77 /* Landmarks */ = {
			isa = PBXGroup;
			children = (
				0459026B29E8E72E00D4AB77 /* LandmarkRow.swift */,
				0459026D29E8EA5F00D4AB77 /* LandmarkList.swift */,
				0459026F29E8EB0700D4AB77 /* LandmarkDetail.swift */,
			);
			path = Landmarks;
			sourceTree = "<group>";
		};
		0459027429E8F40C00D4AB77 /* Helpers */ = {
			isa = PBXGroup;
			children = (
				0459025E29E4F61800D4AB77 /* CircleImage.swift */,
				0459026029E4F6D000D4AB77 /* MapView.swift */,
				0459027129E8F3A800D4AB77 /* FavoriteButton.swift */,
			);
			path = Helpers;
			sourceTree = "<group>";
		};
		0459028129E8F94F00D4AB77 /* Badges */ = {
			isa = PBXGroup;
			children = (
				0459027529E8F53500D4AB77 /* HexagonParameters.swift */,
				0459027729E8F5F800D4AB77 /* BadgeBackground.swift */,
				0459027929E8F7D500D4AB77 /* BadgeSymbol.swift */,
				0459027D29E8F88100D4AB77 /* RotatedBadgeSymbol.swift */,
				0459027F29E8F8BE00D4AB77 /* Badge.swift */,
			);
			path = Badges;
			sourceTree = "<group>";
		};
		0459028629E8FA4400D4AB77 /* Hikes */ = {
			isa = PBXGroup;
			children = (
				0459028729E8FA4400D4AB77 /* GraphCapsule.swift */,
				0459028829E8FA4400D4AB77 /* HikeGraph.swift */,
				0459028929E8FA4400D4AB77 /* HikeDetail.swift */,
				0459028A29E8FA4400D4AB77 /* HikeView.swift */,
				0459029F29ED327800D4AB77 /* HikeBadge.swift */,
			);
			path = Hikes;
			sourceTree = "<group>";
		};
		0459028F29ED16B300D4AB77 /* Categories */ = {
			isa = PBXGroup;
			children = (
				0459029029ED16C700D4AB77 /* CategoryHome.swift */,
				0459029429ED236000D4AB77 /* CategoryRow.swift */,
				0459029629ED258000D4AB77 /* CategoryItem.swift */,
			);
			path = Categories;
			sourceTree = "<group>";
		};
		0459029A29ED31BF00D4AB77 /* Profiles */ = {
			isa = PBXGroup;
			children = (
				0459029B29ED31D000D4AB77 /* ProfileHost.swift */,
				0459029D29ED320A00D4AB77 /* ProfileSummary.swift */,
				045902A129EE23A700D4AB77 /* ProfileEditor.swift */,
			);
			path = Profiles;
			sourceTree = "<group>";
		};
		045902A329EE30F200D4AB77 /* PageView */ = {
			isa = PBXGroup;
			children = (
				045902A429EE312300D4AB77 /* PageViewController.swift */,
				045902A629EE31F700D4AB77 /* FeatureCard.swift */,
				045902A829EE327200D4AB77 /* PageView.swift */,
				045902AA29EE361D00D4AB77 /* PageControl.swift */,
			);
			path = PageView;
			sourceTree = "<group>";
		};
/* End PBXGroup section */

/* Begin PBXNativeTarget section */
		0459023029E4EE9A00D4AB77 /* 0706012110008-HansJoachimW-AFL3 */ = {
			isa = PBXNativeTarget;
			buildConfigurationList = 0459025529E4EE9C00D4AB77 /* Build configuration list for PBXNativeTarget "0706012110008-HansJoachimW-AFL3" */;
			buildPhases = (
				0459022D29E4EE9A00D4AB77 /* Sources */,
				0459022E29E4EE9A00D4AB77 /* Frameworks */,
				0459022F29E4EE9A00D4AB77 /* Resources */,
			);
			buildRules = (
			);
			dependencies = (
			);
			name = "0706012110008-HansJoachimW-AFL3";
			productName = "0706012110008-HansJoachimW-AFL3";
			productReference = 0459023129E4EE9A00D4AB77 /* 0706012110008-HansJoachimW-AFL3.app */;
			productType = "com.apple.product-type.application";
		};
		0459024029E4EE9B00D4AB77 /* 0706012110008-HansJoachimW-AFL3Tests */ = {
			isa = PBXNativeTarget;
			buildConfigurationList = 0459025829E4EE9C00D4AB77 /* Build configuration list for PBXNativeTarget "0706012110008-HansJoachimW-AFL3Tests" */;
			buildPhases = (
				0459023D29E4EE9B00D4AB77 /* Sources */,
				0459023E29E4EE9B00D4AB77 /* Frameworks */,
				0459023F29E4EE9B00D4AB77 /* Resources */,
			);
			buildRules = (
			);
			dependencies = (
				0459024329E4EE9B00D4AB77 /* PBXTargetDependency */,
			);
			name = "0706012110008-HansJoachimW-AFL3Tests";
			productName = "0706012110008-HansJoachimW-AFL3Tests";
			productReference = 0459024129E4EE9B00D4AB77 /* 0706012110008-HansJoachimW-AFL3Tests.xctest */;
			productType = "com.apple.product-type.bundle.unit-test";
		};
		0459024A29E4EE9C00D4AB77 /* 0706012110008-HansJoachimW-AFL3UITests */ = {
			isa = PBXNativeTarget;
			buildConfigurationList = 0459025B29E4EE9C00D4AB77 /* Build configuration list for PBXNativeTarget "0706012110008-HansJoachimW-AFL3UITests" */;
			buildPhases = (
				0459024729E4EE9C00D4AB77 /* Sources */,
				0459024829E4EE9C00D4AB77 /* Frameworks */,
				0459024929E4EE9C00D4AB77 /* Resources */,
			);
			buildRules = (
			);
			dependencies = (
				0459024D29E4EE9C00D4AB77 /* PBXTargetDependency */,
			);
			name = "0706012110008-HansJoachimW-AFL3UITests";
			productName = "0706012110008-HansJoachimW-AFL3UITests";
			productReference = 0459024B29E4EE9C00D4AB77 /* 0706012110008-HansJoachimW-AFL3UITests.xctest */;
			productType = "com.apple.product-type.bundle.ui-testing";
		};
/* End PBXNativeTarget section */

/* Begin PBXProject section */
		0459022929E4EE9A00D4AB77 /* Project object */ = {
			isa = PBXProject;
			attributes = {
				BuildIndependentTargetsInParallel = 1;
				LastSwiftUpdateCheck = 1420;
				LastUpgradeCheck = 1420;
				TargetAttributes = {
					0459023029E4EE9A00D4AB77 = {
						CreatedOnToolsVersion = 14.2;
					};
					0459024029E4EE9B00D4AB77 = {
						CreatedOnToolsVersion = 14.2;
						TestTargetID = 0459023029E4EE9A00D4AB77;
					};
					0459024A29E4EE9C00D4AB77 = {
						CreatedOnToolsVersion = 14.2;
						TestTargetID = 0459023029E4EE9A00D4AB77;
					};
				};
			};
			buildConfigurationList = 0459022C29E4EE9A00D4AB77 /* Build configuration list for PBXProject "0706012110008-HansJoachimW-AFL3" */;
			compatibilityVersion = "Xcode 14.0";
			developmentRegion = en;
			hasScannedForEncodings = 0;
			knownRegions = (
				en,
				Base,
			);
			mainGroup = 0459022829E4EE9A00D4AB77;
			productRefGroup = 0459023229E4EE9A00D4AB77 /* Products */;
			projectDirPath = "";
			projectRoot = "";
			targets = (
				0459023029E4EE9A00D4AB77 /* 0706012110008-HansJoachimW-AFL3 */,
				0459024029E4EE9B00D4AB77 /* 0706012110008-HansJoachimW-AFL3Tests */,
				0459024A29E4EE9C00D4AB77 /* 0706012110008-HansJoachimW-AFL3UITests */,
			);
		};
/* End PBXProject section */

/* Begin PBXResourcesBuildPhase section */
		0459022F29E4EE9A00D4AB77 /* Resources */ = {
			isa = PBXResourcesBuildPhase;
			buildActionMask = 2147483647;
			files = (
				0459028329E8F9DF00D4AB77 /* hikeData.json in Resources */,
				0459023C29E4EE9B00D4AB77 /* Preview Assets.xcassets in Resources */,
				0459023929E4EE9B00D4AB77 /* Assets.xcassets in Resources */,
				0459026329E8E4D700D4AB77 /* landmarkData.json in Resources */,
			);
			runOnlyForDeploymentPostprocessing = 0;
		};
		0459023F29E4EE9B00D4AB77 /* Resources */ = {
			isa = PBXResourcesBuildPhase;
			buildActionMask = 2147483647;
			files = (
			);
			runOnlyForDeploymentPostprocessing = 0;
		};
		0459024929E4EE9C00D4AB77 /* Resources */ = {
			isa = PBXResourcesBuildPhase;
			buildActionMask = 2147483647;
			files = (
			);
			runOnlyForDeploymentPostprocessing = 0;
		};
/* End PBXResourcesBuildPhase section */

/* Begin PBXSourcesBuildPhase section */
		0459022D29E4EE9A00D4AB77 /* Sources */ = {
			isa = PBXSourcesBuildPhase;
			buildActionMask = 2147483647;
			files = (
				0459029529ED236000D4AB77 /* CategoryRow.swift in Sources */,
				0459029929ED317F00D4AB77 /* Profile.swift in Sources */,
				0459023729E4EE9A00D4AB77 /* ContentView.swift in Sources */,
				0459029129ED16C700D4AB77 /* CategoryHome.swift in Sources */,
				045902A729EE31F700D4AB77 /* FeatureCard.swift in Sources */,
				0459028C29E8FA4400D4AB77 /* HikeGraph.swift in Sources */,
				0459028029E8F8BE00D4AB77 /* Badge.swift in Sources */,
				0459026129E4F6D000D4AB77 /* MapView.swift in Sources */,
				0459028B29E8FA4400D4AB77 /* GraphCapsule.swift in Sources */,
				0459023529E4EE9A00D4AB77 /* _706012110008_HansJoachimW_AFL3App.swift in Sources */,
				045902AB29EE361D00D4AB77 /* PageControl.swift in Sources */,
				0459027229E8F3A800D4AB77 /* FavoriteButton.swift in Sources */,
				0459029729ED258000D4AB77 /* CategoryItem.swift in Sources */,
				0459028D29E8FA4400D4AB77 /* HikeDetail.swift in Sources */,
				0459029E29ED320A00D4AB77 /* ProfileSummary.swift in Sources */,
				0459027629E8F53500D4AB77 /* HexagonParameters.swift in Sources */,
				0459029C29ED31D000D4AB77 /* ProfileHost.swift in Sources */,
				0459028529E8F9F900D4AB77 /* Hike.swift in Sources */,
				0459027E29E8F88100D4AB77 /* RotatedBadgeSymbol.swift in Sources */,
				045902A929EE327200D4AB77 /* PageView.swift in Sources */,
				0459027A29E8F7D500D4AB77 /* BadgeSymbol.swift in Sources */,
				045902A229EE23A700D4AB77 /* ProfileEditor.swift in Sources */,
				0459026E29E8EA5F00D4AB77 /* LandmarkList.swift in Sources */,
				0459028E29E8FA4400D4AB77 /* HikeView.swift in Sources */,
				0459027029E8EB0700D4AB77 /* LandmarkDetail.swift in Sources */,
				045902A529EE312300D4AB77 /* PageViewController.swift in Sources */,
				0459027829E8F5F800D4AB77 /* BadgeBackground.swift in Sources */,
				045902A029ED327800D4AB77 /* HikeBadge.swift in Sources */,
				0459025F29E4F61800D4AB77 /* CircleImage.swift in Sources */,
				0459026529E8E52100D4AB77 /* Landmark.swift in Sources */,
				0459026C29E8E72E00D4AB77 /* LandmarkRow.swift in Sources */,
				0459026729E8E5F300D4AB77 /* ModelData.swift in Sources */,
			);
			runOnlyForDeploymentPostprocessing = 0;
		};
		0459023D29E4EE9B00D4AB77 /* Sources */ = {
			isa = PBXSourcesBuildPhase;
			buildActionMask = 2147483647;
			files = (
				0459024629E4EE9B00D4AB77 /* _706012110008_HansJoachimW_AFL3Tests.swift in Sources */,
			);
			runOnlyForDeploymentPostprocessing = 0;
		};
		0459024729E4EE9C00D4AB77 /* Sources */ = {
			isa = PBXSourcesBuildPhase;
			buildActionMask = 2147483647;
			files = (
				0459025229E4EE9C00D4AB77 /* _706012110008_HansJoachimW_AFL3UITestsLaunchTests.swift in Sources */,
				0459025029E4EE9C00D4AB77 /* _706012110008_HansJoachimW_AFL3UITests.swift in Sources */,
			);
			runOnlyForDeploymentPostprocessing = 0;
		};
/* End PBXSourcesBuildPhase section */

/* Begin PBXTargetDependency section */
		0459024329E4EE9B00D4AB77 /* PBXTargetDependency */ = {
			isa = PBXTargetDependency;
			target = 0459023029E4EE9A00D4AB77 /* 0706012110008-HansJoachimW-AFL3 */;
			targetProxy = 0459024229E4EE9B00D4AB77 /* PBXContainerItemProxy */;
		};
		0459024D29E4EE9C00D4AB77 /* PBXTargetDependency */ = {
			isa = PBXTargetDependency;
			target = 0459023029E4EE9A00D4AB77 /* 0706012110008-HansJoachimW-AFL3 */;
			targetProxy = 0459024C29E4EE9C00D4AB77 /* PBXContainerItemProxy */;
		};
/* End PBXTargetDependency section */

/* Begin XCBuildConfiguration section */
		0459025329E4EE9C00D4AB77 /* Debug */ = {
			isa = XCBuildConfiguration;
			buildSettings = {
				ALWAYS_SEARCH_USER_PATHS = NO;
				CLANG_ANALYZER_NONNULL = YES;
				CLANG_ANALYZER_NUMBER_OBJECT_CONVERSION = YES_AGGRESSIVE;
				CLANG_CXX_LANGUAGE_STANDARD = "gnu++20";
				CLANG_ENABLE_MODULES = YES;
				CLANG_ENABLE_OBJC_ARC = YES;
				CLANG_ENABLE_OBJC_WEAK = YES;
				CLANG_WARN_BLOCK_CAPTURE_AUTORELEASING = YES;
				CLANG_WARN_BOOL_CONVERSION = YES;
				CLANG_WARN_COMMA = YES;
				CLANG_WARN_CONSTANT_CONVERSION = YES;
				CLANG_WARN_DEPRECATED_OBJC_IMPLEMENTATIONS = YES;
				CLANG_WARN_DIRECT_OBJC_ISA_USAGE = YES_ERROR;
				CLANG_WARN_DOCUMENTATION_COMMENTS = YES;
				CLANG_WARN_EMPTY_BODY = YES;
				CLANG_WARN_ENUM_CONVERSION = YES;
				CLANG_WARN_INFINITE_RECURSION = YES;
				CLANG_WARN_INT_CONVERSION = YES;
				CLANG_WARN_NON_LITERAL_NULL_CONVERSION = YES;
				CLANG_WARN_OBJC_IMPLICIT_RETAIN_SELF = YES;
				CLANG_WARN_OBJC_LITERAL_CONVERSION = YES;
				CLANG_WARN_OBJC_ROOT_CLASS = YES_ERROR;
				CLANG_WARN_QUOTED_INCLUDE_IN_FRAMEWORK_HEADER = YES;
				CLANG_WARN_RANGE_LOOP_ANALYSIS = YES;
				CLANG_WARN_STRICT_PROTOTYPES = YES;
				CLANG_WARN_SUSPICIOUS_MOVE = YES;
				CLANG_WARN_UNGUARDED_AVAILABILITY = YES_AGGRESSIVE;
				CLANG_WARN_UNREACHABLE_CODE = YES;
				CLANG_WARN__DUPLICATE_METHOD_MATCH = YES;
				COPY_PHASE_STRIP = NO;
				DEBUG_INFORMATION_FORMAT = dwarf;
				ENABLE_STRICT_OBJC_MSGSEND = YES;
				ENABLE_TESTABILITY = YES;
				GCC_C_LANGUAGE_STANDARD = gnu11;
				GCC_DYNAMIC_NO_PIC = NO;
				GCC_NO_COMMON_BLOCKS = YES;
				GCC_OPTIMIZATION_LEVEL = 0;
				GCC_PREPROCESSOR_DEFINITIONS = (
					"DEBUG=1",
					"$(inherited)",
				);
				GCC_WARN_64_TO_32_BIT_CONVERSION = YES;
				GCC_WARN_ABOUT_RETURN_TYPE = YES_ERROR;
				GCC_WARN_UNDECLARED_SELECTOR = YES;
				GCC_WARN_UNINITIALIZED_AUTOS = YES_AGGRESSIVE;
				GCC_WARN_UNUSED_FUNCTION = YES;
				GCC_WARN_UNUSED_VARIABLE = YES;
				IPHONEOS_DEPLOYMENT_TARGET = 16.2;
				MTL_ENABLE_DEBUG_INFO = INCLUDE_SOURCE;
				MTL_FAST_MATH = YES;
				ONLY_ACTIVE_ARCH = YES;
				SDKROOT = iphoneos;
				SWIFT_ACTIVE_COMPILATION_CONDITIONS = DEBUG;
				SWIFT_OPTIMIZATION_LEVEL = "-Onone";
			};
			name = Debug;
		};
		0459025429E4EE9C00D4AB77 /* Release */ = {
			isa = XCBuildConfiguration;
			buildSettings = {
				ALWAYS_SEARCH_USER_PATHS = NO;
				CLANG_ANALYZER_NONNULL = YES;
				CLANG_ANALYZER_NUMBER_OBJECT_CONVERSION = YES_AGGRESSIVE;
				CLANG_CXX_LANGUAGE_STANDARD = "gnu++20";
				CLANG_ENABLE_MODULES = YES;
				CLANG_ENABLE_OBJC_ARC = YES;
				CLANG_ENABLE_OBJC_WEAK = YES;
				CLANG_WARN_BLOCK_CAPTURE_AUTORELEASING = YES;
				CLANG_WARN_BOOL_CONVERSION = YES;
				CLANG_WARN_COMMA = YES;
				CLANG_WARN_CONSTANT_CONVERSION = YES;
				CLANG_WARN_DEPRECATED_OBJC_IMPLEMENTATIONS = YES;
				CLANG_WARN_DIRECT_OBJC_ISA_USAGE = YES_ERROR;
				CLANG_WARN_DOCUMENTATION_COMMENTS = YES;
				CLANG_WARN_EMPTY_BODY = YES;
				CLANG_WARN_ENUM_CONVERSION = YES;
				CLANG_WARN_INFINITE_RECURSION = YES;
				CLANG_WARN_INT_CONVERSION = YES;
				CLANG_WARN_NON_LITERAL_NULL_CONVERSION = YES;
				CLANG_WARN_OBJC_IMPLICIT_RETAIN_SELF = YES;
				CLANG_WARN_OBJC_LITERAL_CONVERSION = YES;
				CLANG_WARN_OBJC_ROOT_CLASS = YES_ERROR;
				CLANG_WARN_QUOTED_INCLUDE_IN_FRAMEWORK_HEADER = YES;
				CLANG_WARN_RANGE_LOOP_ANALYSIS = YES;
				CLANG_WARN_STRICT_PROTOTYPES = YES;
				CLANG_WARN_SUSPICIOUS_MOVE = YES;
				CLANG_WARN_UNGUARDED_AVAILABILITY = YES_AGGRESSIVE;
				CLANG_WARN_UNREACHABLE_CODE = YES;
				CLANG_WARN__DUPLICATE_METHOD_MATCH = YES;
				COPY_PHASE_STRIP = NO;
				DEBUG_INFORMATION_FORMAT = "dwarf-with-dsym";
				ENABLE_NS_ASSERTIONS = NO;
				ENABLE_STRICT_OBJC_MSGSEND = YES;
				GCC_C_LANGUAGE_STANDARD = gnu11;
				GCC_NO_COMMON_BLOCKS = YES;
				GCC_WARN_64_TO_32_BIT_CONVERSION = YES;
				GCC_WARN_ABOUT_RETURN_TYPE = YES_ERROR;
				GCC_WARN_UNDECLARED_SELECTOR = YES;
				GCC_WARN_UNINITIALIZED_AUTOS = YES_AGGRESSIVE;
				GCC_WARN_UNUSED_FUNCTION = YES;
				GCC_WARN_UNUSED_VARIABLE = YES;
				IPHONEOS_DEPLOYMENT_TARGET = 16.2;
				MTL_ENABLE_DEBUG_INFO = NO;
				MTL_FAST_MATH = YES;
				SDKROOT = iphoneos;
				SWIFT_COMPILATION_MODE = wholemodule;
				SWIFT_OPTIMIZATION_LEVEL = "-O";
				VALIDATE_PRODUCT = YES;
			};
			name = Release;
		};
		0459025629E4EE9C00D4AB77 /* Debug */ = {
			isa = XCBuildConfiguration;
			buildSettings = {
				ASSETCATALOG_COMPILER_APPICON_NAME = AppIcon;
				ASSETCATALOG_COMPILER_GLOBAL_ACCENT_COLOR_NAME = AccentColor;
				CODE_SIGN_IDENTITY = "Apple Development";
				CODE_SIGN_STYLE = Automatic;
				CURRENT_PROJECT_VERSION = 1;
				DEVELOPMENT_ASSET_PATHS = "\"0706012110008-HansJoachimW-AFL3/Preview Content\"";
				DEVELOPMENT_TEAM = NDGX4SV6M6;
				ENABLE_PREVIEWS = YES;
				GENERATE_INFOPLIST_FILE = YES;
				INFOPLIST_KEY_UIApplicationSceneManifest_Generation = YES;
				INFOPLIST_KEY_UIApplicationSupportsIndirectInputEvents = YES;
				INFOPLIST_KEY_UILaunchScreen_Generation = YES;
				INFOPLIST_KEY_UISupportedInterfaceOrientations_iPad = "UIInterfaceOrientationPortrait UIInterfaceOrientationPortraitUpsideDown UIInterfaceOrientationLandscapeLeft UIInterfaceOrientationLandscapeRight";
				INFOPLIST_KEY_UISupportedInterfaceOrientations_iPhone = "UIInterfaceOrientationPortrait UIInterfaceOrientationLandscapeLeft UIInterfaceOrientationLandscapeRight";
				LD_RUNPATH_SEARCH_PATHS = (
					"$(inherited)",
					"@executable_path/Frameworks",
				);
				MARKETING_VERSION = 1.0;
				PRODUCT_BUNDLE_IDENTIFIER = "mad.-706012110008-HansJoachimW-AFL3";
				PRODUCT_NAME = "$(TARGET_NAME)";
				PROVISIONING_PROFILE_SPECIFIER = "";
				SWIFT_EMIT_LOC_STRINGS = YES;
				SWIFT_VERSION = 5.0;
				TARGETED_DEVICE_FAMILY = "1,2";
			};
			name = Debug;
		};
		0459025729E4EE9C00D4AB77 /* Release */ = {
			isa = XCBuildConfiguration;
			buildSettings = {
				ASSETCATALOG_COMPILER_APPICON_NAME = AppIcon;
				ASSETCATALOG_COMPILER_GLOBAL_ACCENT_COLOR_NAME = AccentColor;
				CODE_SIGN_IDENTITY = "Apple Development";
				CODE_SIGN_STYLE = Automatic;
				CURRENT_PROJECT_VERSION = 1;
				DEVELOPMENT_ASSET_PATHS = "\"0706012110008-HansJoachimW-AFL3/Preview Content\"";
				DEVELOPMENT_TEAM = NDGX4SV6M6;
				ENABLE_PREVIEWS = YES;
				GENERATE_INFOPLIST_FILE = YES;
				INFOPLIST_KEY_UIApplicationSceneManifest_Generation = YES;
				INFOPLIST_KEY_UIApplicationSupportsIndirectInputEvents = YES;
				INFOPLIST_KEY_UILaunchScreen_Generation = YES;
				INFOPLIST_KEY_UISupportedInterfaceOrientations_iPad = "UIInterfaceOrientationPortrait UIInterfaceOrientationPortraitUpsideDown UIInterfaceOrientationLandscapeLeft UIInterfaceOrientationLandscapeRight";
				INFOPLIST_KEY_UISupportedInterfaceOrientations_iPhone = "UIInterfaceOrientationPortrait UIInterfaceOrientationLandscapeLeft UIInterfaceOrientationLandscapeRight";
				LD_RUNPATH_SEARCH_PATHS = (
					"$(inherited)",
					"@executable_path/Frameworks",
				);
				MARKETING_VERSION = 1.0;
				PRODUCT_BUNDLE_IDENTIFIER = "mad.-706012110008-HansJoachimW-AFL3";
				PRODUCT_NAME = "$(TARGET_NAME)";
				PROVISIONING_PROFILE_SPECIFIER = "";
				SWIFT_EMIT_LOC_STRINGS = YES;
				SWIFT_VERSION = 5.0;
				TARGETED_DEVICE_FAMILY = "1,2";
			};
			name = Release;
		};
		0459025929E4EE9C00D4AB77 /* Debug */ = {
			isa = XCBuildConfiguration;
			buildSettings = {
				ALWAYS_EMBED_SWIFT_STANDARD_LIBRARIES = YES;
				BUNDLE_LOADER = "$(TEST_HOST)";
				CODE_SIGN_STYLE = Automatic;
				CURRENT_PROJECT_VERSION = 1;
				DEVELOPMENT_TEAM = NDGX4SV6M6;
				GENERATE_INFOPLIST_FILE = YES;
				IPHONEOS_DEPLOYMENT_TARGET = 16.2;
				MARKETING_VERSION = 1.0;
				PRODUCT_BUNDLE_IDENTIFIER = "mad.-706012110008-HansJoachimW-AFL3Tests";
				PRODUCT_NAME = "$(TARGET_NAME)";
				SWIFT_EMIT_LOC_STRINGS = NO;
				SWIFT_VERSION = 5.0;
				TARGETED_DEVICE_FAMILY = "1,2";
				TEST_HOST = "$(BUILT_PRODUCTS_DIR)/0706012110008-HansJoachimW-AFL3.app/$(BUNDLE_EXECUTABLE_FOLDER_PATH)/0706012110008-HansJoachimW-AFL3";
			};
			name = Debug;
		};
		0459025A29E4EE9C00D4AB77 /* Release */ = {
			isa = XCBuildConfiguration;
			buildSettings = {
				ALWAYS_EMBED_SWIFT_STANDARD_LIBRARIES = YES;
				BUNDLE_LOADER = "$(TEST_HOST)";
				CODE_SIGN_STYLE = Automatic;
				CURRENT_PROJECT_VERSION = 1;
				DEVELOPMENT_TEAM = NDGX4SV6M6;
				GENERATE_INFOPLIST_FILE = YES;
				IPHONEOS_DEPLOYMENT_TARGET = 16.2;
				MARKETING_VERSION = 1.0;
				PRODUCT_BUNDLE_IDENTIFIER = "mad.-706012110008-HansJoachimW-AFL3Tests";
				PRODUCT_NAME = "$(TARGET_NAME)";
				SWIFT_EMIT_LOC_STRINGS = NO;
				SWIFT_VERSION = 5.0;
				TARGETED_DEVICE_FAMILY = "1,2";
				TEST_HOST = "$(BUILT_PRODUCTS_DIR)/0706012110008-HansJoachimW-AFL3.app/$(BUNDLE_EXECUTABLE_FOLDER_PATH)/0706012110008-HansJoachimW-AFL3";
			};
			name = Release;
		};
		0459025C29E4EE9C00D4AB77 /* Debug */ = {
			isa = XCBuildConfiguration;
			buildSettings = {
				ALWAYS_EMBED_SWIFT_STANDARD_LIBRARIES = YES;
				CODE_SIGN_STYLE = Automatic;
				CURRENT_PROJECT_VERSION = 1;
				DEVELOPMENT_TEAM = NDGX4SV6M6;
				GENERATE_INFOPLIST_FILE = YES;
				MARKETING_VERSION = 1.0;
				PRODUCT_BUNDLE_IDENTIFIER = "mad.-706012110008-HansJoachimW-AFL3UITests";
				PRODUCT_NAME = "$(TARGET_NAME)";
				SWIFT_EMIT_LOC_STRINGS = NO;
				SWIFT_VERSION = 5.0;
				TARGETED_DEVICE_FAMILY = "1,2";
				TEST_TARGET_NAME = "0706012110008-HansJoachimW-AFL3";
			};
			name = Debug;
		};
		0459025D29E4EE9C00D4AB77 /* Release */ = {
			isa = XCBuildConfiguration;
			buildSettings = {
				ALWAYS_EMBED_SWIFT_STANDARD_LIBRARIES = YES;
				CODE_SIGN_STYLE = Automatic;
				CURRENT_PROJECT_VERSION = 1;
				DEVELOPMENT_TEAM = NDGX4SV6M6;
				GENERATE_INFOPLIST_FILE = YES;
				MARKETING_VERSION = 1.0;
				PRODUCT_BUNDLE_IDENTIFIER = "mad.-706012110008-HansJoachimW-AFL3UITests";
				PRODUCT_NAME = "$(TARGET_NAME)";
				SWIFT_EMIT_LOC_STRINGS = NO;
				SWIFT_VERSION = 5.0;
				TARGETED_DEVICE_FAMILY = "1,2";
				TEST_TARGET_NAME = "0706012110008-HansJoachimW-AFL3";
			};
			name = Release;
		};
/* End XCBuildConfiguration section */

/* Begin XCConfigurationList section */
		0459022C29E4EE9A00D4AB77 /* Build configuration list for PBXProject "0706012110008-HansJoachimW-AFL3" */ = {
			isa = XCConfigurationList;
			buildConfigurations = (
				0459025329E4EE9C00D4AB77 /* Debug */,
				0459025429E4EE9C00D4AB77 /* Release */,
			);
			defaultConfigurationIsVisible = 0;
			defaultConfigurationName = Release;
		};
		0459025529E4EE9C00D4AB77 /* Build configuration list for PBXNativeTarget "0706012110008-HansJoachimW-AFL3" */ = {
			isa = XCConfigurationList;
			buildConfigurations = (
				0459025629E4EE9C00D4AB77 /* Debug */,
				0459025729E4EE9C00D4AB77 /* Release */,
			);
			defaultConfigurationIsVisible = 0;
			defaultConfigurationName = Release;
		};
		0459025829E4EE9C00D4AB77 /* Build configuration list for PBXNativeTarget "0706012110008-HansJoachimW-AFL3Tests" */ = {
			isa = XCConfigurationList;
			buildConfigurations = (
				0459025929E4EE9C00D4AB77 /* Debug */,
				0459025A29E4EE9C00D4AB77 /* Release */,
			);
			defaultConfigurationIsVisible = 0;
			defaultConfigurationName = Release;
		};
		0459025B29E4EE9C00D4AB77 /* Build configuration list for PBXNativeTarget "0706012110008-HansJoachimW-AFL3UITests" */ = {
			isa = XCConfigurationList;
			buildConfigurations = (
				0459025C29E4EE9C00D4AB77 /* Debug */,
				0459025D29E4EE9C00D4AB77 /* Release */,
			);
			defaultConfigurationIsVisible = 0;
			defaultConfigurationName = Release;
		};
/* End XCConfigurationList section */
	};
	rootObject = 0459022929E4EE9A00D4AB77 /* Project object */;
}
